
Microsoft Visual Studio Solution File, Format Version 12.00
Project("{FAE04EC0-301F-11D3-BF4B-00C04F79EFBC}") = "CaesarW5", "CaesarW5\CaesarW5.csproj", "{ED4D150B-E0EF-4E94-AD73-EF94C0A27FBA}"
EndProject
Global
	GlobalSection(SolutionConfigurationPlatforms) = preSolution
		Debug|Any CPU = Debug|Any CPU
		Release|Any CPU = Release|Any CPU
	EndGlobalSection
	GlobalSection(ProjectConfigurationPlatforms) = postSolution
		{ED4D150B-E0EF-4E94-AD73-EF94C0A27FBA}.Debug|Any CPU.ActiveCfg = Debug|Any CPU
		{ED4D150B-E0EF-4E94-AD73-EF94C0A27FBA}.Debug|Any CPU.Build.0 = Debug|Any CPU
		{ED4D150B-E0EF-4E94-AD73-EF94C0A27FBA}.Release|Any CPU.ActiveCfg = Release|Any CPU
		{ED4D150B-E0EF-4E94-AD73-EF94C0A27FBA}.Release|Any CPU.Build.0 = Release|Any CPU
	EndGlobalSection
EndGlobal
